{
  "version": 4,
  "terraform_version": "1.4.1",
  "serial": 19,
  "lineage": "ab66a6df-8650-216f-82f0-3f19d5be70b1",
  "outputs": {},
  "resources": [
    {
      "mode": "managed",
      "type": "docker_container",
      "name": "jenkins",
      "provider": "provider[\"registry.terraform.io/kreuzwerker/docker\"]",
      "instances": [
        {
          "schema_version": 2,
          "attributes": {
            "attach": false,
            "bridge": "",
            "capabilities": [],
            "cgroupns_mode": null,
            "command": [],
            "container_logs": null,
            "container_read_refresh_timeout_milliseconds": 15000,
            "cpu_set": "",
            "cpu_shares": 0,
            "destroy_grace_seconds": null,
            "devices": [],
            "dns": null,
            "dns_opts": null,
            "dns_search": null,
            "domainname": "",
            "entrypoint": [
              "/usr/bin/tini",
              "--",
              "/usr/local/bin/jenkins.sh"
            ],
            "env": [
              "JAVA_OPTS=-Djenkins.install.runSetupWizard=false",
              "JENKINS_OPTS=--prefix=/jenkins"
            ],
            "exit_code": null,
            "gpus": null,
            "group_add": null,
            "healthcheck": null,
            "host": [],
            "hostname": "977791e8ba7b",
            "id": "977791e8ba7b8450c59dd453250e120c22ce6b7233c7730dbcf28489f4554577",
            "image": "sha256:e2999693421d811c22a1c173872b4b8e0d33a9cb96f87f15a8c448165264a871",
            "init": false,
            "ipc_mode": "private",
            "labels": [],
            "log_driver": "json-file",
            "log_opts": null,
            "logs": false,
            "max_retry_count": 0,
            "memory": 0,
            "memory_swap": 0,
            "mounts": [],
            "must_run": true,
            "name": "jenkins",
            "network_data": [
              {
                "gateway": "",
                "global_ipv6_address": "",
                "global_ipv6_prefix_length": 0,
                "ip_address": "",
                "ip_prefix_length": 0,
                "ipv6_gateway": "",
                "network_name": "bridge"
              }
            ],
            "network_mode": "default",
            "networks_advanced": [],
            "pid_mode": "",
            "ports": [],
            "privileged": false,
            "publish_all_ports": false,
            "read_only": false,
            "remove_volumes": true,
            "restart": "unless-stopped",
            "rm": false,
            "runtime": "runc",
            "security_opts": [],
            "shm_size": 64,
            "start": true,
            "stdin_open": false,
            "stop_signal": "",
            "stop_timeout": 0,
            "storage_opts": null,
            "sysctls": null,
            "tmpfs": null,
            "tty": false,
            "ulimit": [],
            "upload": [],
            "user": "jenkins",
            "userns_mode": "",
            "volumes": [
              {
                "container_path": "/var/jenkins_home",
                "from_container": "",
                "host_path": "/home/user/jenkins",
                "read_only": null,
                "volume_name": ""
              }
            ],
            "wait": false,
            "wait_timeout": 60,
            "working_dir": ""
          },
          "sensitive_attributes": [],
          "private": "eyJzY2hlbWFfdmVyc2lvbiI6IjIifQ=="
        }
      ]
    }
  ],
  "check_results": null
}
